
Microsoft Visual Studio Solution File, Format Version 12.00
# Visual Studio Version 16
VisualStudioVersion = 16.0.32802.440
MinimumVisualStudioVersion = 10.0.40219.1
Project("{FAE04EC0-301F-11D3-BF4B-00C04F79EFBC}") = "Teach_Qualifications_App", "Teach_Qualifications_App\Teach_Qualifications_App.csproj", "{06E2E8A1-0CF2-42DC-952E-CA7E2B599F68}"
EndProject
Global
	GlobalSection(SolutionConfigurationPlatforms) = preSolution
		Debug|Any CPU = Debug|Any CPU
		Release|Any CPU = Release|Any CPU
	EndGlobalSection
	GlobalSection(ProjectConfigurationPlatforms) = postSolution
		{06E2E8A1-0CF2-42DC-952E-CA7E2B599F68}.Debug|Any CPU.ActiveCfg = Debug|Any CPU
		{06E2E8A1-0CF2-42DC-952E-CA7E2B599F68}.Debug|Any CPU.Build.0 = Debug|Any CPU
		{06E2E8A1-0CF2-42DC-952E-CA7E2B599F68}.Release|Any CPU.ActiveCfg = Release|Any CPU
		{06E2E8A1-0CF2-42DC-952E-CA7E2B599F68}.Release|Any CPU.Build.0 = Release|Any CPU
	EndGlobalSection
	GlobalSection(SolutionProperties) = preSolution
		HideSolutionNode = FALSE
	EndGlobalSection
	GlobalSection(ExtensibilityGlobals) = postSolution
		SolutionGuid = {3F23A2BC-454B-4695-8E44-DE0AE93629D0}
	EndGlobalSection
EndGlobal
